// !$*UTF8*$!
{
	archiveVersion = 1;
	classes = {
	};
	objectVersion = 77;
	objects = {

/* Begin PBXBuildFile section */
		6CC90F4A2D9AAB65007EE2CD /* FirebaseAppCheck in Frameworks */ = {isa = PBXBuildFile; productRef = 6CC90F492D9AAB65007EE2CD /* FirebaseAppCheck */; };
		6CC90F4C2D9AAB65007EE2CD /* FirebaseAppDistribution-Beta in Frameworks */ = {isa = PBXBuildFile; productRef = 6CC90F4B2D9AAB65007EE2CD /* FirebaseAppDistribution-Beta */; };
		6CC90F4E2D9AAB65007EE2CD /* FirebaseAuth in Frameworks */ = {isa = PBXBuildFile; productRef = 6CC90F4D2D9AAB65007EE2CD /* FirebaseAuth */; };
		6CC90F502D9AAB65007EE2CD /* FirebaseAuthCombine-Community in Frameworks */ = {isa = PBXBuildFile; productRef = 6CC90F4F2D9AAB65007EE2CD /* FirebaseAuthCombine-Community */; };
		6CC90F522D9AAB65007EE2CD /* FirebaseCore in Frameworks */ = {isa = PBXBuildFile; productRef = 6CC90F512D9AAB65007EE2CD /* FirebaseCore */; };
		6CC90F542D9AAB65007EE2CD /* FirebaseDatabase in Frameworks */ = {isa = PBXBuildFile; productRef = 6CC90F532D9AAB65007EE2CD /* FirebaseDatabase */; };
		6CC90F562D9AAB65007EE2CD /* FirebaseFirestore in Frameworks */ = {isa = PBXBuildFile; productRef = 6CC90F552D9AAB65007EE2CD /* FirebaseFirestore */; };
		6CC90F582D9AAB65007EE2CD /* FirebaseFirestoreCombine-Community in Frameworks */ = {isa = PBXBuildFile; productRef = 6CC90F572D9AAB65007EE2CD /* FirebaseFirestoreCombine-Community */; };
		6CC90F5A2D9AAB65007EE2CD /* FirebaseFunctions in Frameworks */ = {isa = PBXBuildFile; productRef = 6CC90F592D9AAB65007EE2CD /* FirebaseFunctions */; };
		6CC90F5C2D9AAB65007EE2CD /* FirebaseFunctionsCombine-Community in Frameworks */ = {isa = PBXBuildFile; productRef = 6CC90F5B2D9AAB65007EE2CD /* FirebaseFunctionsCombine-Community */; };
		6CC90F5E2D9AAB65007EE2CD /* FirebaseInAppMessaging-Beta in Frameworks */ = {isa = PBXBuildFile; productRef = 6CC90F5D2D9AAB65007EE2CD /* FirebaseInAppMessaging-Beta */; };
		6CC90F602D9AAB65007EE2CD /* FirebaseMessaging in Frameworks */ = {isa = PBXBuildFile; productRef = 6CC90F5F2D9AAB65007EE2CD /* FirebaseMessaging */; };
		6CC90F622D9AAB65007EE2CD /* FirebaseStorage in Frameworks */ = {isa = PBXBuildFile; productRef = 6CC90F612D9AAB65007EE2CD /* FirebaseStorage */; };
		6CC90F642D9AAB65007EE2CD /* FirebaseStorageCombine-Community in Frameworks */ = {isa = PBXBuildFile; productRef = 6CC90F632D9AAB65007EE2CD /* FirebaseStorageCombine-Community */; };
		6CF977272D9AF02B008271FF /* GoogleSignIn in Frameworks */ = {isa = PBXBuildFile; productRef = 6CF977262D9AF02B008271FF /* GoogleSignIn */; };
		6CF977292D9AF02B008271FF /* GoogleSignInSwift in Frameworks */ = {isa = PBXBuildFile; productRef = 6CF977282D9AF02B008271FF /* GoogleSignInSwift */; };
/* End PBXBuildFile section */

/* Begin PBXFileReference section */
		6CFF266D2D99BCF80050AD12 /* Moviemax.app */ = {isa = PBXFileReference; explicitFileType = wrapper.application; includeInIndex = 0; path = Moviemax.app; sourceTree = BUILT_PRODUCTS_DIR; };
/* End PBXFileReference section */

/* Begin PBXFileSystemSynchronizedBuildFileExceptionSet section */
		6CF9772D2D9AFEA6008271FF /* Exceptions for "Moviemax" folder in "Moviemax" target */ = {
			isa = PBXFileSystemSynchronizedBuildFileExceptionSet;
			membershipExceptions = (
				Info.plist,
			);
			target = 6CFF266C2D99BCF80050AD12 /* Moviemax */;
		};
/* End PBXFileSystemSynchronizedBuildFileExceptionSet section */

/* Begin PBXFileSystemSynchronizedRootGroup section */
		6CFF266F2D99BCF80050AD12 /* Moviemax */ = {
			isa = PBXFileSystemSynchronizedRootGroup;
			exceptions = (
				6CF9772D2D9AFEA6008271FF /* Exceptions for "Moviemax" folder in "Moviemax" target */,
			);
			path = Moviemax;
			sourceTree = "<group>";
		};
/* End PBXFileSystemSynchronizedRootGroup section */

/* Begin PBXFrameworksBuildPhase section */
		6CFF266A2D99BCF80050AD12 /* Frameworks */ = {
			isa = PBXFrameworksBuildPhase;
			buildActionMask = 2147483647;
			files = (
				6CC90F602D9AAB65007EE2CD /* FirebaseMessaging in Frameworks */,
				6CC90F542D9AAB65007EE2CD /* FirebaseDatabase in Frameworks */,
				6CC90F582D9AAB65007EE2CD /* FirebaseFirestoreCombine-Community in Frameworks */,
				6CF977292D9AF02B008271FF /* GoogleSignInSwift in Frameworks */,
				6CC90F4A2D9AAB65007EE2CD /* FirebaseAppCheck in Frameworks */,
				6CC90F5C2D9AAB65007EE2CD /* FirebaseFunctionsCombine-Community in Frameworks */,
				6CF977272D9AF02B008271FF /* GoogleSignIn in Frameworks */,
				6CC90F5A2D9AAB65007EE2CD /* FirebaseFunctions in Frameworks */,
				6CC90F522D9AAB65007EE2CD /* FirebaseCore in Frameworks */,
				6CC90F5E2D9AAB65007EE2CD /* FirebaseInAppMessaging-Beta in Frameworks */,
				6CC90F642D9AAB65007EE2CD /* FirebaseStorageCombine-Community in Frameworks */,
				6CC90F622D9AAB65007EE2CD /* FirebaseStorage in Frameworks */,
				6CC90F4E2D9AAB65007EE2CD /* FirebaseAuth in Frameworks */,
				6CC90F4C2D9AAB65007EE2CD /* FirebaseAppDistribution-Beta in Frameworks */,
				6CC90F502D9AAB65007EE2CD /* FirebaseAuthCombine-Community in Frameworks */,
				6CC90F562D9AAB65007EE2CD /* FirebaseFirestore in Frameworks */,
			);
			runOnlyForDeploymentPostprocessing = 0;
		};
/* End PBXFrameworksBuildPhase section */

/* Begin PBXGroup section */
		6CFF26642D99BCF80050AD12 = {
			isa = PBXGroup;
			children = (
				6CFF266F2D99BCF80050AD12 /* Moviemax */,
				6CFF266E2D99BCF80050AD12 /* Products */,
			);
			sourceTree = "<group>";
		};
		6CFF266E2D99BCF80050AD12 /* Products */ = {
			isa = PBXGroup;
			children = (
				6CFF266D2D99BCF80050AD12 /* Moviemax.app */,
			);
			name = Products;
			sourceTree = "<group>";
		};
/* End PBXGroup section */

/* Begin PBXNativeTarget section */
		6CFF266C2D99BCF80050AD12 /* Moviemax */ = {
			isa = PBXNativeTarget;
			buildConfigurationList = 6CFF267B2D99BCF90050AD12 /* Build configuration list for PBXNativeTarget "Moviemax" */;
			buildPhases = (
				6CFF26692D99BCF80050AD12 /* Sources */,
				6CFF266A2D99BCF80050AD12 /* Frameworks */,
				6CFF266B2D99BCF80050AD12 /* Resources */,
			);
			buildRules = (
			);
			dependencies = (
			);
			fileSystemSynchronizedGroups = (
				6CFF266F2D99BCF80050AD12 /* Moviemax */,
			);
			name = Moviemax;
			packageProductDependencies = (
				6CC90F492D9AAB65007EE2CD /* FirebaseAppCheck */,
				6CC90F4B2D9AAB65007EE2CD /* FirebaseAppDistribution-Beta */,
				6CC90F4D2D9AAB65007EE2CD /* FirebaseAuth */,
				6CC90F4F2D9AAB65007EE2CD /* FirebaseAuthCombine-Community */,
				6CC90F512D9AAB65007EE2CD /* FirebaseCore */,
				6CC90F532D9AAB65007EE2CD /* FirebaseDatabase */,
				6CC90F552D9AAB65007EE2CD /* FirebaseFirestore */,
				6CC90F572D9AAB65007EE2CD /* FirebaseFirestoreCombine-Community */,
				6CC90F592D9AAB65007EE2CD /* FirebaseFunctions */,
				6CC90F5B2D9AAB65007EE2CD /* FirebaseFunctionsCombine-Community */,
				6CC90F5D2D9AAB65007EE2CD /* FirebaseInAppMessaging-Beta */,
				6CC90F5F2D9AAB65007EE2CD /* FirebaseMessaging */,
				6CC90F612D9AAB65007EE2CD /* FirebaseStorage */,
				6CC90F632D9AAB65007EE2CD /* FirebaseStorageCombine-Community */,
				6CF977262D9AF02B008271FF /* GoogleSignIn */,
				6CF977282D9AF02B008271FF /* GoogleSignInSwift */,
			);
			productName = Moviemax;
			productReference = 6CFF266D2D99BCF80050AD12 /* Moviemax.app */;
			productType = "com.apple.product-type.application";
		};
/* End PBXNativeTarget section */

/* Begin PBXProject section */
		6CFF26652D99BCF80050AD12 /* Project object */ = {
			isa = PBXProject;
			attributes = {
				BuildIndependentTargetsInParallel = 1;
				LastSwiftUpdateCheck = 1620;
				LastUpgradeCheck = 1620;
				TargetAttributes = {
					6CFF266C2D99BCF80050AD12 = {
						CreatedOnToolsVersion = 16.2;
					};
				};
			};
			buildConfigurationList = 6CFF26682D99BCF80050AD12 /* Build configuration list for PBXProject "Moviemax" */;
			developmentRegion = en;
			hasScannedForEncodings = 0;
			knownRegions = (
				en,
				Base,
			);
			mainGroup = 6CFF26642D99BCF80050AD12;
			minimizedProjectReferenceProxies = 1;
			packageReferences = (
				6CC90F482D9AAB65007EE2CD /* XCRemoteSwiftPackageReference "firebase-ios-sdk" */,
				6CF977252D9AF02B008271FF /* XCRemoteSwiftPackageReference "GoogleSignIn-iOS" */,
			);
			preferredProjectObjectVersion = 77;
			productRefGroup = 6CFF266E2D99BCF80050AD12 /* Products */;
			projectDirPath = "";
			projectRoot = "";
			targets = (
				6CFF266C2D99BCF80050AD12 /* Moviemax */,
			);
		};
/* End PBXProject section */

/* Begin PBXResourcesBuildPhase section */
		6CFF266B2D99BCF80050AD12 /* Resources */ = {
			isa = PBXResourcesBuildPhase;
			buildActionMask = 2147483647;
			files = (
			);
			runOnlyForDeploymentPostprocessing = 0;
		};
/* End PBXResourcesBuildPhase section */

/* Begin PBXSourcesBuildPhase section */
		6CFF26692D99BCF80050AD12 /* Sources */ = {
			isa = PBXSourcesBuildPhase;
			buildActionMask = 2147483647;
			files = (
			);
			runOnlyForDeploymentPostprocessing = 0;
		};
/* End PBXSourcesBuildPhase section */

/* Begin XCBuildConfiguration section */
		6CFF26792D99BCF90050AD12 /* Debug */ = {
			isa = XCBuildConfiguration;
			buildSettings = {
				ALWAYS_SEARCH_USER_PATHS = NO;
				ASSETCATALOG_COMPILER_GENERATE_SWIFT_ASSET_SYMBOL_EXTENSIONS = YES;
				CLANG_ANALYZER_NONNULL = YES;
				CLANG_ANALYZER_NUMBER_OBJECT_CONVERSION = YES_AGGRESSIVE;
				CLANG_CXX_LANGUAGE_STANDARD = "gnu++20";
				CLANG_ENABLE_MODULES = YES;
				CLANG_ENABLE_OBJC_ARC = YES;
				CLANG_ENABLE_OBJC_WEAK = YES;
				CLANG_WARN_BLOCK_CAPTURE_AUTORELEASING = YES;
				CLANG_WARN_BOOL_CONVERSION = YES;
				CLANG_WARN_COMMA = YES;
				CLANG_WARN_CONSTANT_CONVERSION = YES;
				CLANG_WARN_DEPRECATED_OBJC_IMPLEMENTATIONS = YES;
				CLANG_WARN_DIRECT_OBJC_ISA_USAGE = YES_ERROR;
				CLANG_WARN_DOCUMENTATION_COMMENTS = YES;
				CLANG_WARN_EMPTY_BODY = YES;
				CLANG_WARN_ENUM_CONVERSION = YES;
				CLANG_WARN_INFINITE_RECURSION = YES;
				CLANG_WARN_INT_CONVERSION = YES;
				CLANG_WARN_NON_LITERAL_NULL_CONVERSION = YES;
				CLANG_WARN_OBJC_IMPLICIT_RETAIN_SELF = YES;
				CLANG_WARN_OBJC_LITERAL_CONVERSION = YES;
				CLANG_WARN_OBJC_ROOT_CLASS = YES_ERROR;
				CLANG_WARN_QUOTED_INCLUDE_IN_FRAMEWORK_HEADER = YES;
				CLANG_WARN_RANGE_LOOP_ANALYSIS = YES;
				CLANG_WARN_STRICT_PROTOTYPES = YES;
				CLANG_WARN_SUSPICIOUS_MOVE = YES;
				CLANG_WARN_UNGUARDED_AVAILABILITY = YES_AGGRESSIVE;
				CLANG_WARN_UNREACHABLE_CODE = YES;
				CLANG_WARN__DUPLICATE_METHOD_MATCH = YES;
				COPY_PHASE_STRIP = NO;
				DEBUG_INFORMATION_FORMAT = dwarf;
				ENABLE_STRICT_OBJC_MSGSEND = YES;
				ENABLE_TESTABILITY = YES;
				ENABLE_USER_SCRIPT_SANDBOXING = YES;
				GCC_C_LANGUAGE_STANDARD = gnu17;
				GCC_DYNAMIC_NO_PIC = NO;
				GCC_NO_COMMON_BLOCKS = YES;
				GCC_OPTIMIZATION_LEVEL = 0;
				GCC_PREPROCESSOR_DEFINITIONS = (
					"DEBUG=1",
					"$(inherited)",
				);
				GCC_WARN_64_TO_32_BIT_CONVERSION = YES;
				GCC_WARN_ABOUT_RETURN_TYPE = YES_ERROR;
				GCC_WARN_UNDECLARED_SELECTOR = YES;
				GCC_WARN_UNINITIALIZED_AUTOS = YES_AGGRESSIVE;
				GCC_WARN_UNUSED_FUNCTION = YES;
				GCC_WARN_UNUSED_VARIABLE = YES;
				IPHONEOS_DEPLOYMENT_TARGET = 18.2;
				LOCALIZATION_PREFERS_STRING_CATALOGS = YES;
				MTL_ENABLE_DEBUG_INFO = INCLUDE_SOURCE;
				MTL_FAST_MATH = YES;
				ONLY_ACTIVE_ARCH = YES;
				SDKROOT = iphoneos;
				SWIFT_ACTIVE_COMPILATION_CONDITIONS = "DEBUG $(inherited)";
				SWIFT_OPTIMIZATION_LEVEL = "-Onone";
			};
			name = Debug;
		};
		6CFF267A2D99BCF90050AD12 /* Release */ = {
			isa = XCBuildConfiguration;
			buildSettings = {
				ALWAYS_SEARCH_USER_PATHS = NO;
				ASSETCATALOG_COMPILER_GENERATE_SWIFT_ASSET_SYMBOL_EXTENSIONS = YES;
				CLANG_ANALYZER_NONNULL = YES;
				CLANG_ANALYZER_NUMBER_OBJECT_CONVERSION = YES_AGGRESSIVE;
				CLANG_CXX_LANGUAGE_STANDARD = "gnu++20";
				CLANG_ENABLE_MODULES = YES;
				CLANG_ENABLE_OBJC_ARC = YES;
				CLANG_ENABLE_OBJC_WEAK = YES;
				CLANG_WARN_BLOCK_CAPTURE_AUTORELEASING = YES;
				CLANG_WARN_BOOL_CONVERSION = YES;
				CLANG_WARN_COMMA = YES;
				CLANG_WARN_CONSTANT_CONVERSION = YES;
				CLANG_WARN_DEPRECATED_OBJC_IMPLEMENTATIONS = YES;
				CLANG_WARN_DIRECT_OBJC_ISA_USAGE = YES_ERROR;
				CLANG_WARN_DOCUMENTATION_COMMENTS = YES;
				CLANG_WARN_EMPTY_BODY = YES;
				CLANG_WARN_ENUM_CONVERSION = YES;
				CLANG_WARN_INFINITE_RECURSION = YES;
				CLANG_WARN_INT_CONVERSION = YES;
				CLANG_WARN_NON_LITERAL_NULL_CONVERSION = YES;
				CLANG_WARN_OBJC_IMPLICIT_RETAIN_SELF = YES;
				CLANG_WARN_OBJC_LITERAL_CONVERSION = YES;
				CLANG_WARN_OBJC_ROOT_CLASS = YES_ERROR;
				CLANG_WARN_QUOTED_INCLUDE_IN_FRAMEWORK_HEADER = YES;
				CLANG_WARN_RANGE_LOOP_ANALYSIS = YES;
				CLANG_WARN_STRICT_PROTOTYPES = YES;
				CLANG_WARN_SUSPICIOUS_MOVE = YES;
				CLANG_WARN_UNGUARDED_AVAILABILITY = YES_AGGRESSIVE;
				CLANG_WARN_UNREACHABLE_CODE = YES;
				CLANG_WARN__DUPLICATE_METHOD_MATCH = YES;
				COPY_PHASE_STRIP = NO;
				DEBUG_INFORMATION_FORMAT = "dwarf-with-dsym";
				ENABLE_NS_ASSERTIONS = NO;
				ENABLE_STRICT_OBJC_MSGSEND = YES;
				ENABLE_USER_SCRIPT_SANDBOXING = YES;
				GCC_C_LANGUAGE_STANDARD = gnu17;
				GCC_NO_COMMON_BLOCKS = YES;
				GCC_WARN_64_TO_32_BIT_CONVERSION = YES;
				GCC_WARN_ABOUT_RETURN_TYPE = YES_ERROR;
				GCC_WARN_UNDECLARED_SELECTOR = YES;
				GCC_WARN_UNINITIALIZED_AUTOS = YES_AGGRESSIVE;
				GCC_WARN_UNUSED_FUNCTION = YES;
				GCC_WARN_UNUSED_VARIABLE = YES;
				IPHONEOS_DEPLOYMENT_TARGET = 18.2;
				LOCALIZATION_PREFERS_STRING_CATALOGS = YES;
				MTL_ENABLE_DEBUG_INFO = NO;
				MTL_FAST_MATH = YES;
				SDKROOT = iphoneos;
				SWIFT_COMPILATION_MODE = wholemodule;
				VALIDATE_PRODUCT = YES;
			};
			name = Release;
		};
		6CFF267C2D99BCF90050AD12 /* Debug */ = {
			isa = XCBuildConfiguration;
			buildSettings = {
				ASSETCATALOG_COMPILER_APPICON_NAME = AppIcon;
				ASSETCATALOG_COMPILER_GLOBAL_ACCENT_COLOR_NAME = AccentColor;
				CODE_SIGN_STYLE = Automatic;
				CURRENT_PROJECT_VERSION = 1;
				DEVELOPMENT_ASSET_PATHS = "\"Moviemax/Preview Content\"";
				DEVELOPMENT_TEAM = D3BJGB736B;
				ENABLE_PREVIEWS = YES;
				GENERATE_INFOPLIST_FILE = YES;
				INFOPLIST_FILE = Moviemax/Info.plist;
				INFOPLIST_KEY_UIApplicationSceneManifest_Generation = YES;
				INFOPLIST_KEY_UIApplicationSupportsIndirectInputEvents = YES;
				INFOPLIST_KEY_UILaunchScreen_Generation = YES;
				INFOPLIST_KEY_UISupportedInterfaceOrientations_iPad = "UIInterfaceOrientationPortrait UIInterfaceOrientationPortraitUpsideDown UIInterfaceOrientationLandscapeLeft UIInterfaceOrientationLandscapeRight";
				INFOPLIST_KEY_UISupportedInterfaceOrientations_iPhone = "UIInterfaceOrientationPortrait UIInterfaceOrientationLandscapeLeft UIInterfaceOrientationLandscapeRight";
				IPHONEOS_DEPLOYMENT_TARGET = 16.6;
				LD_RUNPATH_SEARCH_PATHS = (
					"$(inherited)",
					"@executable_path/Frameworks",
				);
				MARKETING_VERSION = 1.0;
				PRODUCT_BUNDLE_IDENTIFIER = SwiftPractice.Moviemax;
				PRODUCT_NAME = "$(TARGET_NAME)";
				SWIFT_EMIT_LOC_STRINGS = YES;
				SWIFT_VERSION = 5.0;
				TARGETED_DEVICE_FAMILY = "1,2";
			};
			name = Debug;
		};
		6CFF267D2D99BCF90050AD12 /* Release */ = {
			isa = XCBuildConfiguration;
			buildSettings = {
				ASSETCATALOG_COMPILER_APPICON_NAME = AppIcon;
				ASSETCATALOG_COMPILER_GLOBAL_ACCENT_COLOR_NAME = AccentColor;
				CODE_SIGN_STYLE = Automatic;
				CURRENT_PROJECT_VERSION = 1;
				DEVELOPMENT_ASSET_PATHS = "\"Moviemax/Preview Content\"";
				DEVELOPMENT_TEAM = D3BJGB736B;
				ENABLE_PREVIEWS = YES;
				GENERATE_INFOPLIST_FILE = YES;
				INFOPLIST_FILE = Moviemax/Info.plist;
				INFOPLIST_KEY_UIApplicationSceneManifest_Generation = YES;
				INFOPLIST_KEY_UIApplicationSupportsIndirectInputEvents = YES;
				INFOPLIST_KEY_UILaunchScreen_Generation = YES;
				INFOPLIST_KEY_UISupportedInterfaceOrientations_iPad = "UIInterfaceOrientationPortrait UIInterfaceOrientationPortraitUpsideDown UIInterfaceOrientationLandscapeLeft UIInterfaceOrientationLandscapeRight";
				INFOPLIST_KEY_UISupportedInterfaceOrientations_iPhone = "UIInterfaceOrientationPortrait UIInterfaceOrientationLandscapeLeft UIInterfaceOrientationLandscapeRight";
				IPHONEOS_DEPLOYMENT_TARGET = 16.6;
				LD_RUNPATH_SEARCH_PATHS = (
					"$(inherited)",
					"@executable_path/Frameworks",
				);
				MARKETING_VERSION = 1.0;
				PRODUCT_BUNDLE_IDENTIFIER = SwiftPractice.Moviemax;
				PRODUCT_NAME = "$(TARGET_NAME)";
				SWIFT_EMIT_LOC_STRINGS = YES;
				SWIFT_VERSION = 5.0;
				TARGETED_DEVICE_FAMILY = "1,2";
			};
			name = Release;
		};
/* End XCBuildConfiguration section */

/* Begin XCConfigurationList section */
		6CFF26682D99BCF80050AD12 /* Build configuration list for PBXProject "Moviemax" */ = {
			isa = XCConfigurationList;
			buildConfigurations = (
				6CFF26792D99BCF90050AD12 /* Debug */,
				6CFF267A2D99BCF90050AD12 /* Release */,
			);
			defaultConfigurationIsVisible = 0;
			defaultConfigurationName = Release;
		};
		6CFF267B2D99BCF90050AD12 /* Build configuration list for PBXNativeTarget "Moviemax" */ = {
			isa = XCConfigurationList;
			buildConfigurations = (
				6CFF267C2D99BCF90050AD12 /* Debug */,
				6CFF267D2D99BCF90050AD12 /* Release */,
			);
			defaultConfigurationIsVisible = 0;
			defaultConfigurationName = Release;
		};
/* End XCConfigurationList section */

/* Begin XCRemoteSwiftPackageReference section */
		6CC90F482D9AAB65007EE2CD /* XCRemoteSwiftPackageReference "firebase-ios-sdk" */ = {
			isa = XCRemoteSwiftPackageReference;
			repositoryURL = "https://github.com/firebase/firebase-ios-sdk";
			requirement = {
				kind = upToNextMajorVersion;
				minimumVersion = 11.10.0;
			};
		};
		6CF977252D9AF02B008271FF /* XCRemoteSwiftPackageReference "GoogleSignIn-iOS" */ = {
			isa = XCRemoteSwiftPackageReference;
			repositoryURL = "https://github.com/google/GoogleSignIn-iOS";
			requirement = {
				kind = upToNextMajorVersion;
				minimumVersion = 8.0.0;
			};
		};
/* End XCRemoteSwiftPackageReference section */

/* Begin XCSwiftPackageProductDependency section */
		6CC90F492D9AAB65007EE2CD /* FirebaseAppCheck */ = {
			isa = XCSwiftPackageProductDependency;
			package = 6CC90F482D9AAB65007EE2CD /* XCRemoteSwiftPackageReference "firebase-ios-sdk" */;
			productName = FirebaseAppCheck;
		};
		6CC90F4B2D9AAB65007EE2CD /* FirebaseAppDistribution-Beta */ = {
			isa = XCSwiftPackageProductDependency;
			package = 6CC90F482D9AAB65007EE2CD /* XCRemoteSwiftPackageReference "firebase-ios-sdk" */;
			productName = "FirebaseAppDistribution-Beta";
		};
		6CC90F4D2D9AAB65007EE2CD /* FirebaseAuth */ = {
			isa = XCSwiftPackageProductDependency;
			package = 6CC90F482D9AAB65007EE2CD /* XCRemoteSwiftPackageReference "firebase-ios-sdk" */;
			productName = FirebaseAuth;
		};
		6CC90F4F2D9AAB65007EE2CD /* FirebaseAuthCombine-Community */ = {
			isa = XCSwiftPackageProductDependency;
			package = 6CC90F482D9AAB65007EE2CD /* XCRemoteSwiftPackageReference "firebase-ios-sdk" */;
			productName = "FirebaseAuthCombine-Community";
		};
		6CC90F512D9AAB65007EE2CD /* FirebaseCore */ = {
			isa = XCSwiftPackageProductDependency;
			package = 6CC90F482D9AAB65007EE2CD /* XCRemoteSwiftPackageReference "firebase-ios-sdk" */;
			productName = FirebaseCore;
		};
		6CC90F532D9AAB65007EE2CD /* FirebaseDatabase */ = {
			isa = XCSwiftPackageProductDependency;
			package = 6CC90F482D9AAB65007EE2CD /* XCRemoteSwiftPackageReference "firebase-ios-sdk" */;
			productName = FirebaseDatabase;
		};
		6CC90F552D9AAB65007EE2CD /* FirebaseFirestore */ = {
			isa = XCSwiftPackageProductDependency;
			package = 6CC90F482D9AAB65007EE2CD /* XCRemoteSwiftPackageReference "firebase-ios-sdk" */;
			productName = FirebaseFirestore;
		};
		6CC90F572D9AAB65007EE2CD /* FirebaseFirestoreCombine-Community */ = {
			isa = XCSwiftPackageProductDependency;
			package = 6CC90F482D9AAB65007EE2CD /* XCRemoteSwiftPackageReference "firebase-ios-sdk" */;
			productName = "FirebaseFirestoreCombine-Community";
		};
		6CC90F592D9AAB65007EE2CD /* FirebaseFunctions */ = {
			isa = XCSwiftPackageProductDependency;
			package = 6CC90F482D9AAB65007EE2CD /* XCRemoteSwiftPackageReference "firebase-ios-sdk" */;
			productName = FirebaseFunctions;
		};
		6CC90F5B2D9AAB65007EE2CD /* FirebaseFunctionsCombine-Community */ = {
			isa = XCSwiftPackageProductDependency;
			package = 6CC90F482D9AAB65007EE2CD /* XCRemoteSwiftPackageReference "firebase-ios-sdk" */;
			productName = "FirebaseFunctionsCombine-Community";
		};
		6CC90F5D2D9AAB65007EE2CD /* FirebaseInAppMessaging-Beta */ = {
			isa = XCSwiftPackageProductDependency;
			package = 6CC90F482D9AAB65007EE2CD /* XCRemoteSwiftPackageReference "firebase-ios-sdk" */;
			productName = "FirebaseInAppMessaging-Beta";
		};
		6CC90F5F2D9AAB65007EE2CD /* FirebaseMessaging */ = {
			isa = XCSwiftPackageProductDependency;
			package = 6CC90F482D9AAB65007EE2CD /* XCRemoteSwiftPackageReference "firebase-ios-sdk" */;
			productName = FirebaseMessaging;
		};
		6CC90F612D9AAB65007EE2CD /* FirebaseStorage */ = {
			isa = XCSwiftPackageProductDependency;
			package = 6CC90F482D9AAB65007EE2CD /* XCRemoteSwiftPackageReference "firebase-ios-sdk" */;
			productName = FirebaseStorage;
		};
		6CC90F632D9AAB65007EE2CD /* FirebaseStorageCombine-Community */ = {
			isa = XCSwiftPackageProductDependency;
			package = 6CC90F482D9AAB65007EE2CD /* XCRemoteSwiftPackageReference "firebase-ios-sdk" */;
			productName = "FirebaseStorageCombine-Community";
		};
		6CF977262D9AF02B008271FF /* GoogleSignIn */ = {
			isa = XCSwiftPackageProductDependency;
			package = 6CF977252D9AF02B008271FF /* XCRemoteSwiftPackageReference "GoogleSignIn-iOS" */;
			productName = GoogleSignIn;
		};
		6CF977282D9AF02B008271FF /* GoogleSignInSwift */ = {
			isa = XCSwiftPackageProductDependency;
			package = 6CF977252D9AF02B008271FF /* XCRemoteSwiftPackageReference "GoogleSignIn-iOS" */;
			productName = GoogleSignInSwift;
		};
/* End XCSwiftPackageProductDependency section */
	};
	rootObject = 6CFF26652D99BCF80050AD12 /* Project object */;
}
